
Microsoft Visual Studio Solution File, Format Version 12.00
# Visual Studio Version 16
VisualStudioVersion = 16.0.28803.452
MinimumVisualStudioVersion = 10.0.40219.1
Project("{FAE04EC0-301F-11D3-BF4B-00C04F79EFBC}") = "WebApplication25", "WebApplication25\WebApplication25.csproj", "{9BEA820A-4CD6-4B8E-8FCA-A3C32ADC7321}"
EndProject
Global
	GlobalSection(SolutionConfigurationPlatforms) = preSolution
		Debug|Any CPU = Debug|Any CPU
		Release|Any CPU = Release|Any CPU
	EndGlobalSection
	GlobalSection(ProjectConfigurationPlatforms) = postSolution
		{9BEA820A-4CD6-4B8E-8FCA-A3C32ADC7321}.Debug|Any CPU.ActiveCfg = Debug|Any CPU
		{9BEA820A-4CD6-4B8E-8FCA-A3C32ADC7321}.Debug|Any CPU.Build.0 = Debug|Any CPU
		{9BEA820A-4CD6-4B8E-8FCA-A3C32ADC7321}.Release|Any CPU.ActiveCfg = Release|Any CPU
		{9BEA820A-4CD6-4B8E-8FCA-A3C32ADC7321}.Release|Any CPU.Build.0 = Release|Any CPU
	EndGlobalSection
	GlobalSection(SolutionProperties) = preSolution
		HideSolutionNode = FALSE
	EndGlobalSection
	GlobalSection(ExtensibilityGlobals) = postSolution
		SolutionGuid = {A36F25EC-A685-4778-9BA5-78F2F58222F0}
	EndGlobalSection
EndGlobal
